// !$*UTF8*$!
{
	archiveVersion = 1;
	classes = {
	};
	objectVersion = 46;
	objects = {

/* Begin PBXBuildFile section */
		620A71821BD131E500F87D3D /* main.mm in Sources */ = {isa = PBXBuildFile; fileRef = 620A71811BD131E500F87D3D /* main.mm */; };
		620A718B1BD135EC00F87D3D /* FBSimulatorControl.framework in Frameworks */ = {isa = PBXBuildFile; fileRef = 620A718A1BD135EC00F87D3D /* FBSimulatorControl.framework */; };
/* End PBXBuildFile section */

/* Begin PBXCopyFilesBuildPhase section */
		620A717C1BD131E500F87D3D /* CopyFiles */ = {
			isa = PBXCopyFilesBuildPhase;
			buildActionMask = 2147483647;
			dstPath = /usr/share/man/man1/;
			dstSubfolderSpec = 0;
			files = (
			);
			runOnlyForDeploymentPostprocessing = 1;
		};
/* End PBXCopyFilesBuildPhase section */

/* Begin PBXFileReference section */
		620A717E1BD131E500F87D3D /* simulator-node */ = {isa = PBXFileReference; explicitFileType = "compiled.mach-o.executable"; includeInIndex = 0; path = "simulator-node"; sourceTree = BUILT_PRODUCTS_DIR; };
		620A71811BD131E500F87D3D /* main.mm */ = {isa = PBXFileReference; lastKnownFileType = sourcecode.cpp.objcpp; path = main.mm; sourceTree = "<group>"; };
		620A718A1BD135EC00F87D3D /* FBSimulatorControl.framework */ = {isa = PBXFileReference; lastKnownFileType = wrapper.framework; name = FBSimulatorControl.framework; path = ../FBSimulatorControl/DerivedData/Build/Products/Debug/FBSimulatorControl.framework; sourceTree = "<group>"; };
/* End PBXFileReference section */

/* Begin PBXFrameworksBuildPhase section */
		620A717B1BD131E500F87D3D /* Frameworks */ = {
			isa = PBXFrameworksBuildPhase;
			buildActionMask = 2147483647;
			files = (
				620A718B1BD135EC00F87D3D /* FBSimulatorControl.framework in Frameworks */,
			);
			runOnlyForDeploymentPostprocessing = 0;
		};
/* End PBXFrameworksBuildPhase section */

/* Begin PBXGroup section */
		620A71751BD131E500F87D3D = {
			isa = PBXGroup;
			children = (
				620A718A1BD135EC00F87D3D /* FBSimulatorControl.framework */,
				620A71801BD131E500F87D3D /* simulator-node */,
				620A717F1BD131E500F87D3D /* Products */,
			);
			sourceTree = "<group>";
		};
		620A717F1BD131E500F87D3D /* Products */ = {
			isa = PBXGroup;
			children = (
				620A717E1BD131E500F87D3D /* simulator-node */,
			);
			name = Products;
			sourceTree = "<group>";
		};
		620A71801BD131E500F87D3D /* simulator-node */ = {
			isa = PBXGroup;
			children = (
				620A71811BD131E500F87D3D /* main.mm */,
			);
			path = "simulator-node";
			sourceTree = "<group>";
		};
/* End PBXGroup section */

/* Begin PBXNativeTarget section */
		620A717D1BD131E500F87D3D /* simulator-node */ = {
			isa = PBXNativeTarget;
			buildConfigurationList = 620A71851BD131E500F87D3D /* Build configuration list for PBXNativeTarget "simulator-node" */;
			buildPhases = (
				620A717A1BD131E500F87D3D /* Sources */,
				620A717B1BD131E500F87D3D /* Frameworks */,
				620A717C1BD131E500F87D3D /* CopyFiles */,
			);
			buildRules = (
			);
			dependencies = (
			);
			name = "simulator-node";
			productName = "simulator-node";
			productReference = 620A717E1BD131E500F87D3D /* simulator-node */;
			productType = "com.apple.product-type.tool";
		};
/* End PBXNativeTarget section */

/* Begin PBXProject section */
		620A71761BD131E500F87D3D /* Project object */ = {
			isa = PBXProject;
			attributes = {
				LastUpgradeCheck = 0700;
				ORGANIZATIONNAME = jotunn;
				TargetAttributes = {
					620A717D1BD131E500F87D3D = {
						CreatedOnToolsVersion = 7.0.1;
					};
				};
			};
			buildConfigurationList = 620A71791BD131E500F87D3D /* Build configuration list for PBXProject "simulator-node" */;
			compatibilityVersion = "Xcode 3.2";
			developmentRegion = English;
			hasScannedForEncodings = 0;
			knownRegions = (
				en,
			);
			mainGroup = 620A71751BD131E500F87D3D;
			productRefGroup = 620A717F1BD131E500F87D3D /* Products */;
			projectDirPath = "";
			projectRoot = "";
			targets = (
				620A717D1BD131E500F87D3D /* simulator-node */,
			);
		};
/* End PBXProject section */

/* Begin PBXSourcesBuildPhase section */
		620A717A1BD131E500F87D3D /* Sources */ = {
			isa = PBXSourcesBuildPhase;
			buildActionMask = 2147483647;
			files = (
				620A71821BD131E500F87D3D /* main.mm in Sources */,
			);
			runOnlyForDeploymentPostprocessing = 0;
		};
/* End PBXSourcesBuildPhase section */

/* Begin XCBuildConfiguration section */
		620A71831BD131E500F87D3D /* Debug */ = {
			isa = XCBuildConfiguration;
			buildSettings = {
				ALWAYS_SEARCH_USER_PATHS = NO;
				CLANG_CXX_LANGUAGE_STANDARD = "gnu++0x";
				CLANG_CXX_LIBRARY = "libc++";
				CLANG_ENABLE_MODULES = YES;
				CLANG_ENABLE_OBJC_ARC = YES;
				CLANG_WARN_BOOL_CONVERSION = YES;
				CLANG_WARN_CONSTANT_CONVERSION = YES;
				CLANG_WARN_DIRECT_OBJC_ISA_USAGE = YES_ERROR;
				CLANG_WARN_EMPTY_BODY = YES;
				CLANG_WARN_ENUM_CONVERSION = YES;
				CLANG_WARN_INT_CONVERSION = YES;
				CLANG_WARN_OBJC_ROOT_CLASS = YES_ERROR;
				CLANG_WARN_UNREACHABLE_CODE = YES;
				CLANG_WARN__DUPLICATE_METHOD_MATCH = YES;
				COPY_PHASE_STRIP = NO;
				DEBUG_INFORMATION_FORMAT = dwarf;
				ENABLE_STRICT_OBJC_MSGSEND = YES;
				ENABLE_TESTABILITY = YES;
				GCC_C_LANGUAGE_STANDARD = gnu99;
				GCC_DYNAMIC_NO_PIC = NO;
				GCC_NO_COMMON_BLOCKS = YES;
				GCC_OPTIMIZATION_LEVEL = 0;
				GCC_PREPROCESSOR_DEFINITIONS = (
					"DEBUG=1",
					"$(inherited)",
				);
				GCC_WARN_64_TO_32_BIT_CONVERSION = YES;
				GCC_WARN_ABOUT_RETURN_TYPE = YES_ERROR;
				GCC_WARN_UNDECLARED_SELECTOR = YES;
				GCC_WARN_UNINITIALIZED_AUTOS = YES_AGGRESSIVE;
				GCC_WARN_UNUSED_FUNCTION = YES;
				GCC_WARN_UNUSED_VARIABLE = YES;
				MACOSX_DEPLOYMENT_TARGET = 10.11;
				MTL_ENABLE_DEBUG_INFO = YES;
				ONLY_ACTIVE_ARCH = YES;
				SDKROOT = macosx;
			};
			name = Debug;
		};
		620A71841BD131E500F87D3D /* Release */ = {
			isa = XCBuildConfiguration;
			buildSettings = {
				ALWAYS_SEARCH_USER_PATHS = NO;
				CLANG_CXX_LANGUAGE_STANDARD = "gnu++0x";
				CLANG_CXX_LIBRARY = "libc++";
				CLANG_ENABLE_MODULES = YES;
				CLANG_ENABLE_OBJC_ARC = YES;
				CLANG_WARN_BOOL_CONVERSION = YES;
				CLANG_WARN_CONSTANT_CONVERSION = YES;
				CLANG_WARN_DIRECT_OBJC_ISA_USAGE = YES_ERROR;
				CLANG_WARN_EMPTY_BODY = YES;
				CLANG_WARN_ENUM_CONVERSION = YES;
				CLANG_WARN_INT_CONVERSION = YES;
				CLANG_WARN_OBJC_ROOT_CLASS = YES_ERROR;
				CLANG_WARN_UNREACHABLE_CODE = YES;
				CLANG_WARN__DUPLICATE_METHOD_MATCH = YES;
				COPY_PHASE_STRIP = NO;
				DEBUG_INFORMATION_FORMAT = "dwarf-with-dsym";
				ENABLE_NS_ASSERTIONS = NO;
				ENABLE_STRICT_OBJC_MSGSEND = YES;
				GCC_C_LANGUAGE_STANDARD = gnu99;
				GCC_NO_COMMON_BLOCKS = YES;
				GCC_WARN_64_TO_32_BIT_CONVERSION = YES;
				GCC_WARN_ABOUT_RETURN_TYPE = YES_ERROR;
				GCC_WARN_UNDECLARED_SELECTOR = YES;
				GCC_WARN_UNINITIALIZED_AUTOS = YES_AGGRESSIVE;
				GCC_WARN_UNUSED_FUNCTION = YES;
				GCC_WARN_UNUSED_VARIABLE = YES;
				MACOSX_DEPLOYMENT_TARGET = 10.11;
				MTL_ENABLE_DEBUG_INFO = NO;
				SDKROOT = macosx;
			};
			name = Release;
		};
		620A71861BD131E500F87D3D /* Debug */ = {
			isa = XCBuildConfiguration;
			buildSettings = {
				FRAMEWORK_SEARCH_PATHS = "${SOURCE_ROOT}/../FBSimulatorControl/DerivedData/Build/Products/Debug/";
				HEADER_SEARCH_PATHS = "";
				LD_RUNPATH_SEARCH_PATHS = "${SOURCE_ROOT}/../FBSimulatorControl/DerivedData/Build/Products/Debug/";
				PRODUCT_NAME = "$(TARGET_NAME)";
			};
			name = Debug;
		};
		620A71871BD131E500F87D3D /* Release */ = {
			isa = XCBuildConfiguration;
			buildSettings = {
				FRAMEWORK_SEARCH_PATHS = "${SOURCE_ROOT}/../FBSimulatorControl/DerivedData/Build/Products/Debug/";
				HEADER_SEARCH_PATHS = "";
				LD_RUNPATH_SEARCH_PATHS = "${SOURCE_ROOT}/../FBSimulatorControl/DerivedData/Build/Products/Debug/";
				PRODUCT_NAME = "$(TARGET_NAME)";
			};
			name = Release;
		};
/* End XCBuildConfiguration section */

/* Begin XCConfigurationList section */
		620A71791BD131E500F87D3D /* Build configuration list for PBXProject "simulator-node" */ = {
			isa = XCConfigurationList;
			buildConfigurations = (
				620A71831BD131E500F87D3D /* Debug */,
				620A71841BD131E500F87D3D /* Release */,
			);
			defaultConfigurationIsVisible = 0;
			defaultConfigurationName = Release;
		};
		620A71851BD131E500F87D3D /* Build configuration list for PBXNativeTarget "simulator-node" */ = {
			isa = XCConfigurationList;
			buildConfigurations = (
				620A71861BD131E500F87D3D /* Debug */,
				620A71871BD131E500F87D3D /* Release */,
			);
			defaultConfigurationIsVisible = 0;
		};
/* End XCConfigurationList section */
	};
	rootObject = 620A71761BD131E500F87D3D /* Project object */;
}
